
Microsoft Visual Studio Solution File, Format Version 12.00
# Visual Studio Version 17
VisualStudioVersion = 17.8.34601.278
MinimumVisualStudioVersion = 10.0.40219.1
Project("{9A19103F-16F7-4668-BE54-9A1E7A4F7556}") = "Example04", "Example01\Example04.csproj", "{8A7D02DA-748F-463D-9C78-F1DA0DAFBBF2}"
EndProject
Global
	GlobalSection(SolutionConfigurationPlatforms) = preSolution
		Debug|Any CPU = Debug|Any CPU
		Release|Any CPU = Release|Any CPU
	EndGlobalSection
	GlobalSection(ProjectConfigurationPlatforms) = postSolution
		{8A7D02DA-748F-463D-9C78-F1DA0DAFBBF2}.Debug|Any CPU.ActiveCfg = Debug|Any CPU
		{8A7D02DA-748F-463D-9C78-F1DA0DAFBBF2}.Debug|Any CPU.Build.0 = Debug|Any CPU
		{8A7D02DA-748F-463D-9C78-F1DA0DAFBBF2}.Release|Any CPU.ActiveCfg = Release|Any CPU
		{8A7D02DA-748F-463D-9C78-F1DA0DAFBBF2}.Release|Any CPU.Build.0 = Release|Any CPU
	EndGlobalSection
	GlobalSection(SolutionProperties) = preSolution
		HideSolutionNode = FALSE
	EndGlobalSection
	GlobalSection(ExtensibilityGlobals) = postSolution
		SolutionGuid = {533F1C63-7811-4AF8-959D-4D0C11287FD4}
	EndGlobalSection
EndGlobal
